Microsoft Visual Studio Solution File, Format Version 8.00
Project("{8BC9CEB8-8B4A-11D0-8D11-00A0C91BC942}") = "CP2exec", "CP2exec\CP2exec.vcproj", "{EB607E6C-AF37-4668-854A-DF51A47ED484}"
	ProjectSection(ProjectDependencies) = postProject
		{94722C93-C44E-41E8-86BE-05288AB8A868} = {94722C93-C44E-41E8-86BE-05288AB8A868}
		{92308F9A-E019-4D5E-8CCD-B20842731F8D} = {92308F9A-E019-4D5E-8CCD-B20842731F8D}
	EndProjectSection
EndProject
Project("{8BC9CEB8-8B4A-11D0-8D11-00A0C91BC942}") = "PiraqIII_RevD_Driver.dsp", "PiraqIII_RevD_Driver\PiraqIII_RevD_Driver.vcproj", "{94722C93-C44E-41E8-86BE-05288AB8A868}"
	ProjectSection(ProjectDependencies) = postProject
	EndProjectSection
EndProject
Project("{8BC9CEB8-8B4A-11D0-8D11-00A0C91BC942}") = "win32lib", "win32lib\win32lib.vcproj", "{92308F9A-E019-4D5E-8CCD-B20842731F8D}"
	ProjectSection(ProjectDependencies) = postProject
	EndProjectSection
EndProject
Project("{8BC9CEB8-8B4A-11D0-8D11-00A0C91BC942}") = "QtDSP", "QtDSP\QtDSP.vcproj", "{93DB0A81-1BF5-48A0-A895-E1AD7C9ADA47}"
	ProjectSection(ProjectDependencies) = postProject
	EndProjectSection
EndProject
Project("{8BC9CEB8-8B4A-11D0-8D11-00A0C91BC942}") = "CP2Scope", "CP2Scope\CP2Scope.vcproj", "{7E9275A6-2DE5-4F34-8305-A8BC31999076}"
	ProjectSection(ProjectDependencies) = postProject
	EndProjectSection
EndProject
Project("{8BC9CEB8-8B4A-11D0-8D11-00A0C91BC942}") = "test", "test\test.vcproj", "{2EA9C765-3678-47D9-9595-55DA73C59644}"
	ProjectSection(ProjectDependencies) = postProject
	EndProjectSection
EndProject
Project("{8BC9CEB8-8B4A-11D0-8D11-00A0C91BC942}") = "test1", "test1\test1.vcproj", "{6CF90A9B-0DED-4130-A0D2-F6A0FDD8A8AE}"
	ProjectSection(ProjectDependencies) = postProject
	EndProjectSection
EndProject
Project("{8BC9CEB8-8B4A-11D0-8D11-00A0C91BC942}") = "Moments", "Moments\Moments.vcproj", "{B4F88715-7416-4BF0-BB8F-E424FD428262}"
	ProjectSection(ProjectDependencies) = postProject
	EndProjectSection
EndProject
Global
	GlobalSection(SolutionConfiguration) = preSolution
		Debug = Debug
		Release = Release
	EndGlobalSection
	GlobalSection(ProjectConfiguration) = postSolution
		{EB607E6C-AF37-4668-854A-DF51A47ED484}.Debug.ActiveCfg = Debug|Win32
		{EB607E6C-AF37-4668-854A-DF51A47ED484}.Debug.Build.0 = Debug|Win32
		{EB607E6C-AF37-4668-854A-DF51A47ED484}.Release.ActiveCfg = Release|Win32
		{EB607E6C-AF37-4668-854A-DF51A47ED484}.Release.Build.0 = Release|Win32
		{94722C93-C44E-41E8-86BE-05288AB8A868}.Debug.ActiveCfg = Debug|Win32
		{94722C93-C44E-41E8-86BE-05288AB8A868}.Debug.Build.0 = Debug|Win32
		{94722C93-C44E-41E8-86BE-05288AB8A868}.Release.ActiveCfg = Release|Win32
		{94722C93-C44E-41E8-86BE-05288AB8A868}.Release.Build.0 = Release|Win32
		{92308F9A-E019-4D5E-8CCD-B20842731F8D}.Debug.ActiveCfg = Debug|Win32
		{92308F9A-E019-4D5E-8CCD-B20842731F8D}.Debug.Build.0 = Debug|Win32
		{92308F9A-E019-4D5E-8CCD-B20842731F8D}.Release.ActiveCfg = Release|Win32
		{92308F9A-E019-4D5E-8CCD-B20842731F8D}.Release.Build.0 = Release|Win32
		{93DB0A81-1BF5-48A0-A895-E1AD7C9ADA47}.Debug.ActiveCfg = Debug|Win32
		{93DB0A81-1BF5-48A0-A895-E1AD7C9ADA47}.Debug.Build.0 = Debug|Win32
		{93DB0A81-1BF5-48A0-A895-E1AD7C9ADA47}.Release.ActiveCfg = Release|Win32
		{93DB0A81-1BF5-48A0-A895-E1AD7C9ADA47}.Release.Build.0 = Release|Win32
		{7E9275A6-2DE5-4F34-8305-A8BC31999076}.Debug.ActiveCfg = Debug|Win32
		{7E9275A6-2DE5-4F34-8305-A8BC31999076}.Debug.Build.0 = Debug|Win32
		{7E9275A6-2DE5-4F34-8305-A8BC31999076}.Release.ActiveCfg = Release|Win32
		{7E9275A6-2DE5-4F34-8305-A8BC31999076}.Release.Build.0 = Release|Win32
		{2EA9C765-3678-47D9-9595-55DA73C59644}.Debug.ActiveCfg = Debug|Win32
		{2EA9C765-3678-47D9-9595-55DA73C59644}.Debug.Build.0 = Debug|Win32
		{2EA9C765-3678-47D9-9595-55DA73C59644}.Release.ActiveCfg = Release|Win32
		{2EA9C765-3678-47D9-9595-55DA73C59644}.Release.Build.0 = Release|Win32
		{6CF90A9B-0DED-4130-A0D2-F6A0FDD8A8AE}.Debug.ActiveCfg = Debug|Win32
		{6CF90A9B-0DED-4130-A0D2-F6A0FDD8A8AE}.Debug.Build.0 = Debug|Win32
		{6CF90A9B-0DED-4130-A0D2-F6A0FDD8A8AE}.Release.ActiveCfg = Release|Win32
		{6CF90A9B-0DED-4130-A0D2-F6A0FDD8A8AE}.Release.Build.0 = Release|Win32
		{B4F88715-7416-4BF0-BB8F-E424FD428262}.Debug.ActiveCfg = Debug|Win32
		{B4F88715-7416-4BF0-BB8F-E424FD428262}.Debug.Build.0 = Debug|Win32
		{B4F88715-7416-4BF0-BB8F-E424FD428262}.Release.ActiveCfg = Release|Win32
		{B4F88715-7416-4BF0-BB8F-E424FD428262}.Release.Build.0 = Release|Win32
	EndGlobalSection
	GlobalSection(ExtensibilityGlobals) = postSolution
	EndGlobalSection
	GlobalSection(ExtensibilityAddIns) = postSolution
	EndGlobalSection
EndGlobal
